
Microsoft Visual Studio Solution File, Format Version 12.00
# Visual Studio Version 17
VisualStudioVersion = 17.14.36603.0
MinimumVisualStudioVersion = 10.0.40219.1
Project("{FAE04EC0-301F-11D3-BF4B-00C04F79EFBC}") = "UserManagementService", "UsersService\UserManagementService.csproj", "{4AF4DA02-A338-42B1-A391-D70E0474D276}"
EndProject
Project("{FAE04EC0-301F-11D3-BF4B-00C04F79EFBC}") = "FlashcardsService", "FlashcardsService\FlashcardsService.csproj", "{85AD3851-C661-4AAE-ADB7-23F14D39B9B4}"
EndProject
Project("{FAE04EC0-301F-11D3-BF4B-00C04F79EFBC}") = "OrderService", "OrderService\OrderService.csproj", "{587E4332-10EB-4858-A997-65A5B5F5D39F}"
EndProject
Global
	GlobalSection(SolutionConfigurationPlatforms) = preSolution
		Debug|Any CPU = Debug|Any CPU
		Release|Any CPU = Release|Any CPU
	EndGlobalSection
	GlobalSection(ProjectConfigurationPlatforms) = postSolution
		{4AF4DA02-A338-42B1-A391-D70E0474D276}.Debug|Any CPU.ActiveCfg = Debug|Any CPU
		{4AF4DA02-A338-42B1-A391-D70E0474D276}.Debug|Any CPU.Build.0 = Debug|Any CPU
		{4AF4DA02-A338-42B1-A391-D70E0474D276}.Release|Any CPU.ActiveCfg = Release|Any CPU
		{4AF4DA02-A338-42B1-A391-D70E0474D276}.Release|Any CPU.Build.0 = Release|Any CPU
		{85AD3851-C661-4AAE-ADB7-23F14D39B9B4}.Debug|Any CPU.ActiveCfg = Debug|Any CPU
		{85AD3851-C661-4AAE-ADB7-23F14D39B9B4}.Debug|Any CPU.Build.0 = Debug|Any CPU
		{85AD3851-C661-4AAE-ADB7-23F14D39B9B4}.Release|Any CPU.ActiveCfg = Release|Any CPU
		{85AD3851-C661-4AAE-ADB7-23F14D39B9B4}.Release|Any CPU.Build.0 = Release|Any CPU
		{587E4332-10EB-4858-A997-65A5B5F5D39F}.Debug|Any CPU.ActiveCfg = Debug|Any CPU
		{587E4332-10EB-4858-A997-65A5B5F5D39F}.Debug|Any CPU.Build.0 = Debug|Any CPU
		{587E4332-10EB-4858-A997-65A5B5F5D39F}.Release|Any CPU.ActiveCfg = Release|Any CPU
		{587E4332-10EB-4858-A997-65A5B5F5D39F}.Release|Any CPU.Build.0 = Release|Any CPU
	EndGlobalSection
	GlobalSection(SolutionProperties) = preSolution
		HideSolutionNode = FALSE
	EndGlobalSection
	GlobalSection(ExtensibilityGlobals) = postSolution
		SolutionGuid = {59CD1336-7A47-4F12-A0D8-1E6FB6737616}
	EndGlobalSection
EndGlobal
